// !$*UTF8*$!
{
	archiveVersion = 1;
	classes = {
	};
	objectVersion = 52;
	objects = {

/* Begin PBXBuildFile section */
		953576FC236886C600B3D3FB /* AppDelegate.swift in Sources */ = {isa = PBXBuildFile; fileRef = 953576FB236886C600B3D3FB /* AppDelegate.swift */; };
		953576FE236886C600B3D3FB /* SceneDelegate.swift in Sources */ = {isa = PBXBuildFile; fileRef = 953576FD236886C600B3D3FB /* SceneDelegate.swift */; };
		95357700236886C600B3D3FB /* ContentView.swift in Sources */ = {isa = PBXBuildFile; fileRef = 953576FF236886C600B3D3FB /* ContentView.swift */; };
		95357702236886C800B3D3FB /* Assets.xcassets in Resources */ = {isa = PBXBuildFile; fileRef = 95357701236886C800B3D3FB /* Assets.xcassets */; };
		95357705236886C800B3D3FB /* Preview Assets.xcassets in Resources */ = {isa = PBXBuildFile; fileRef = 95357704236886C800B3D3FB /* Preview Assets.xcassets */; };
		95357708236886C800B3D3FB /* LaunchScreen.storyboard in Resources */ = {isa = PBXBuildFile; fileRef = 95357706236886C800B3D3FB /* LaunchScreen.storyboard */; };
		953577112368874900B3D3FB /* Alamofire in Frameworks */ = {isa = PBXBuildFile; productRef = 953577102368874900B3D3FB /* Alamofire */; };
		95357714236887B000B3D3FB /* SwiftyJSON in Frameworks */ = {isa = PBXBuildFile; productRef = 95357713236887B000B3D3FB /* SwiftyJSON */; };
		9535771C236888E400B3D3FB /* SDWebImageSwiftUI in Frameworks */ = {isa = PBXBuildFile; productRef = 9535771B236888E400B3D3FB /* SDWebImageSwiftUI */; };
/* End PBXBuildFile section */

/* Begin PBXFileReference section */
		953576F8236886C600B3D3FB /* JSONParsingUsingAlamofireSwiftyJSONWithSwiftUI.app */ = {isa = PBXFileReference; explicitFileType = wrapper.application; includeInIndex = 0; path = JSONParsingUsingAlamofireSwiftyJSONWithSwiftUI.app; sourceTree = BUILT_PRODUCTS_DIR; };
		953576FB236886C600B3D3FB /* AppDelegate.swift */ = {isa = PBXFileReference; lastKnownFileType = sourcecode.swift; path = AppDelegate.swift; sourceTree = "<group>"; };
		953576FD236886C600B3D3FB /* SceneDelegate.swift */ = {isa = PBXFileReference; lastKnownFileType = sourcecode.swift; path = SceneDelegate.swift; sourceTree = "<group>"; };
		953576FF236886C600B3D3FB /* ContentView.swift */ = {isa = PBXFileReference; lastKnownFileType = sourcecode.swift; path = ContentView.swift; sourceTree = "<group>"; };
		95357701236886C800B3D3FB /* Assets.xcassets */ = {isa = PBXFileReference; lastKnownFileType = folder.assetcatalog; path = Assets.xcassets; sourceTree = "<group>"; };
		95357704236886C800B3D3FB /* Preview Assets.xcassets */ = {isa = PBXFileReference; lastKnownFileType = folder.assetcatalog; path = "Preview Assets.xcassets"; sourceTree = "<group>"; };
		95357707236886C800B3D3FB /* Base */ = {isa = PBXFileReference; lastKnownFileType = file.storyboard; name = Base; path = Base.lproj/LaunchScreen.storyboard; sourceTree = "<group>"; };
		95357709236886C800B3D3FB /* Info.plist */ = {isa = PBXFileReference; lastKnownFileType = text.plist.xml; path = Info.plist; sourceTree = "<group>"; };
/* End PBXFileReference section */

/* Begin PBXFrameworksBuildPhase section */
		953576F5236886C600B3D3FB /* Frameworks */ = {
			isa = PBXFrameworksBuildPhase;
			buildActionMask = 2147483647;
			files = (
				9535771C236888E400B3D3FB /* SDWebImageSwiftUI in Frameworks */,
				95357714236887B000B3D3FB /* SwiftyJSON in Frameworks */,
				953577112368874900B3D3FB /* Alamofire in Frameworks */,
			);
			runOnlyForDeploymentPostprocessing = 0;
		};
/* End PBXFrameworksBuildPhase section */

/* Begin PBXGroup section */
		953576EF236886C600B3D3FB = {
			isa = PBXGroup;
			children = (
				953576FA236886C600B3D3FB /* JSONParsingUsingAlamofireSwiftyJSONWithSwiftUI */,
				953576F9236886C600B3D3FB /* Products */,
			);
			sourceTree = "<group>";
		};
		953576F9236886C600B3D3FB /* Products */ = {
			isa = PBXGroup;
			children = (
				953576F8236886C600B3D3FB /* JSONParsingUsingAlamofireSwiftyJSONWithSwiftUI.app */,
			);
			name = Products;
			sourceTree = "<group>";
		};
		953576FA236886C600B3D3FB /* JSONParsingUsingAlamofireSwiftyJSONWithSwiftUI */ = {
			isa = PBXGroup;
			children = (
				953576FB236886C600B3D3FB /* AppDelegate.swift */,
				953576FD236886C600B3D3FB /* SceneDelegate.swift */,
				953576FF236886C600B3D3FB /* ContentView.swift */,
				95357701236886C800B3D3FB /* Assets.xcassets */,
				95357706236886C800B3D3FB /* LaunchScreen.storyboard */,
				95357709236886C800B3D3FB /* Info.plist */,
				95357703236886C800B3D3FB /* Preview Content */,
			);
			path = JSONParsingUsingAlamofireSwiftyJSONWithSwiftUI;
			sourceTree = "<group>";
		};
		95357703236886C800B3D3FB /* Preview Content */ = {
			isa = PBXGroup;
			children = (
				95357704236886C800B3D3FB /* Preview Assets.xcassets */,
			);
			path = "Preview Content";
			sourceTree = "<group>";
		};
/* End PBXGroup section */

/* Begin PBXNativeTarget section */
		953576F7236886C600B3D3FB /* JSONParsingUsingAlamofireSwiftyJSONWithSwiftUI */ = {
			isa = PBXNativeTarget;
			buildConfigurationList = 9535770C236886C800B3D3FB /* Build configuration list for PBXNativeTarget "JSONParsingUsingAlamofireSwiftyJSONWithSwiftUI" */;
			buildPhases = (
				953576F4236886C600B3D3FB /* Sources */,
				953576F5236886C600B3D3FB /* Frameworks */,
				953576F6236886C600B3D3FB /* Resources */,
			);
			buildRules = (
			);
			dependencies = (
			);
			name = JSONParsingUsingAlamofireSwiftyJSONWithSwiftUI;
			packageProductDependencies = (
				953577102368874900B3D3FB /* Alamofire */,
				95357713236887B000B3D3FB /* SwiftyJSON */,
				9535771B236888E400B3D3FB /* SDWebImageSwiftUI */,
			);
			productName = JSONParsingUsingAlamofireSwiftyJSONWithSwiftUI;
			productReference = 953576F8236886C600B3D3FB /* JSONParsingUsingAlamofireSwiftyJSONWithSwiftUI.app */;
			productType = "com.apple.product-type.application";
		};
/* End PBXNativeTarget section */

/* Begin PBXProject section */
		953576F0236886C600B3D3FB /* Project object */ = {
			isa = PBXProject;
			attributes = {
				LastSwiftUpdateCheck = 1110;
				LastUpgradeCheck = 1110;
				ORGANIZATIONNAME = com.ri;
				TargetAttributes = {
					953576F7236886C600B3D3FB = {
						CreatedOnToolsVersion = 11.1;
					};
				};
			};
			buildConfigurationList = 953576F3236886C600B3D3FB /* Build configuration list for PBXProject "JSONParsingUsingAlamofireSwiftyJSONWithSwiftUI" */;
			compatibilityVersion = "Xcode 9.3";
			developmentRegion = en;
			hasScannedForEncodings = 0;
			knownRegions = (
				en,
				Base,
			);
			mainGroup = 953576EF236886C600B3D3FB;
			packageReferences = (
				9535770F2368874900B3D3FB /* XCRemoteSwiftPackageReference "Alamofire" */,
				95357712236887B000B3D3FB /* XCRemoteSwiftPackageReference "SwiftyJSON" */,
				9535771A236888E400B3D3FB /* XCRemoteSwiftPackageReference "SDWebImageSwiftUI" */,
			);
			productRefGroup = 953576F9236886C600B3D3FB /* Products */;
			projectDirPath = "";
			projectRoot = "";
			targets = (
				953576F7236886C600B3D3FB /* JSONParsingUsingAlamofireSwiftyJSONWithSwiftUI */,
			);
		};
/* End PBXProject section */

/* Begin PBXResourcesBuildPhase section */
		953576F6236886C600B3D3FB /* Resources */ = {
			isa = PBXResourcesBuildPhase;
			buildActionMask = 2147483647;
			files = (
				95357708236886C800B3D3FB /* LaunchScreen.storyboard in Resources */,
				95357705236886C800B3D3FB /* Preview Assets.xcassets in Resources */,
				95357702236886C800B3D3FB /* Assets.xcassets in Resources */,
			);
			runOnlyForDeploymentPostprocessing = 0;
		};
/* End PBXResourcesBuildPhase section */

/* Begin PBXSourcesBuildPhase section */
		953576F4236886C600B3D3FB /* Sources */ = {
			isa = PBXSourcesBuildPhase;
			buildActionMask = 2147483647;
			files = (
				953576FC236886C600B3D3FB /* AppDelegate.swift in Sources */,
				953576FE236886C600B3D3FB /* SceneDelegate.swift in Sources */,
				95357700236886C600B3D3FB /* ContentView.swift in Sources */,
			);
			runOnlyForDeploymentPostprocessing = 0;
		};
/* End PBXSourcesBuildPhase section */

/* Begin PBXVariantGroup section */
		95357706236886C800B3D3FB /* LaunchScreen.storyboard */ = {
			isa = PBXVariantGroup;
			children = (
				95357707236886C800B3D3FB /* Base */,
			);
			name = LaunchScreen.storyboard;
			sourceTree = "<group>";
		};
/* End PBXVariantGroup section */

/* Begin XCBuildConfiguration section */
		9535770A236886C800B3D3FB /* Debug */ = {
			isa = XCBuildConfiguration;
			buildSettings = {
				ALWAYS_SEARCH_USER_PATHS = NO;
				CLANG_ANALYZER_NONNULL = YES;
				CLANG_ANALYZER_NUMBER_OBJECT_CONVERSION = YES_AGGRESSIVE;
				CLANG_CXX_LANGUAGE_STANDARD = "gnu++14";
				CLANG_CXX_LIBRARY = "libc++";
				CLANG_ENABLE_MODULES = YES;
				CLANG_ENABLE_OBJC_ARC = YES;
				CLANG_ENABLE_OBJC_WEAK = YES;
				CLANG_WARN_BLOCK_CAPTURE_AUTORELEASING = YES;
				CLANG_WARN_BOOL_CONVERSION = YES;
				CLANG_WARN_COMMA = YES;
				CLANG_WARN_CONSTANT_CONVERSION = YES;
				CLANG_WARN_DEPRECATED_OBJC_IMPLEMENTATIONS = YES;
				CLANG_WARN_DIRECT_OBJC_ISA_USAGE = YES_ERROR;
				CLANG_WARN_DOCUMENTATION_COMMENTS = YES;
				CLANG_WARN_EMPTY_BODY = YES;
				CLANG_WARN_ENUM_CONVERSION = YES;
				CLANG_WARN_INFINITE_RECURSION = YES;
				CLANG_WARN_INT_CONVERSION = YES;
				CLANG_WARN_NON_LITERAL_NULL_CONVERSION = YES;
				CLANG_WARN_OBJC_IMPLICIT_RETAIN_SELF = YES;
				CLANG_WARN_OBJC_LITERAL_CONVERSION = YES;
				CLANG_WARN_OBJC_ROOT_CLASS = YES_ERROR;
				CLANG_WARN_RANGE_LOOP_ANALYSIS = YES;
				CLANG_WARN_STRICT_PROTOTYPES = YES;
				CLANG_WARN_SUSPICIOUS_MOVE = YES;
				CLANG_WARN_UNGUARDED_AVAILABILITY = YES_AGGRESSIVE;
				CLANG_WARN_UNREACHABLE_CODE = YES;
				CLANG_WARN__DUPLICATE_METHOD_MATCH = YES;
				COPY_PHASE_STRIP = NO;
				DEBUG_INFORMATION_FORMAT = dwarf;
				ENABLE_STRICT_OBJC_MSGSEND = YES;
				ENABLE_TESTABILITY = YES;
				GCC_C_LANGUAGE_STANDARD = gnu11;
				GCC_DYNAMIC_NO_PIC = NO;
				GCC_NO_COMMON_BLOCKS = YES;
				GCC_OPTIMIZATION_LEVEL = 0;
				GCC_PREPROCESSOR_DEFINITIONS = (
					"DEBUG=1",
					"$(inherited)",
				);
				GCC_WARN_64_TO_32_BIT_CONVERSION = YES;
				GCC_WARN_ABOUT_RETURN_TYPE = YES_ERROR;
				GCC_WARN_UNDECLARED_SELECTOR = YES;
				GCC_WARN_UNINITIALIZED_AUTOS = YES_AGGRESSIVE;
				GCC_WARN_UNUSED_FUNCTION = YES;
				GCC_WARN_UNUSED_VARIABLE = YES;
				IPHONEOS_DEPLOYMENT_TARGET = 13.1;
				MTL_ENABLE_DEBUG_INFO = INCLUDE_SOURCE;
				MTL_FAST_MATH = YES;
				ONLY_ACTIVE_ARCH = YES;
				SDKROOT = iphoneos;
				SWIFT_ACTIVE_COMPILATION_CONDITIONS = DEBUG;
				SWIFT_OPTIMIZATION_LEVEL = "-Onone";
			};
			name = Debug;
		};
		9535770B236886C800B3D3FB /* Release */ = {
			isa = XCBuildConfiguration;
			buildSettings = {
				ALWAYS_SEARCH_USER_PATHS = NO;
				CLANG_ANALYZER_NONNULL = YES;
				CLANG_ANALYZER_NUMBER_OBJECT_CONVERSION = YES_AGGRESSIVE;
				CLANG_CXX_LANGUAGE_STANDARD = "gnu++14";
				CLANG_CXX_LIBRARY = "libc++";
				CLANG_ENABLE_MODULES = YES;
				CLANG_ENABLE_OBJC_ARC = YES;
				CLANG_ENABLE_OBJC_WEAK = YES;
				CLANG_WARN_BLOCK_CAPTURE_AUTORELEASING = YES;
				CLANG_WARN_BOOL_CONVERSION = YES;
				CLANG_WARN_COMMA = YES;
				CLANG_WARN_CONSTANT_CONVERSION = YES;
				CLANG_WARN_DEPRECATED_OBJC_IMPLEMENTATIONS = YES;
				CLANG_WARN_DIRECT_OBJC_ISA_USAGE = YES_ERROR;
				CLANG_WARN_DOCUMENTATION_COMMENTS = YES;
				CLANG_WARN_EMPTY_BODY = YES;
				CLANG_WARN_ENUM_CONVERSION = YES;
				CLANG_WARN_INFINITE_RECURSION = YES;
				CLANG_WARN_INT_CONVERSION = YES;
				CLANG_WARN_NON_LITERAL_NULL_CONVERSION = YES;
				CLANG_WARN_OBJC_IMPLICIT_RETAIN_SELF = YES;
				CLANG_WARN_OBJC_LITERAL_CONVERSION = YES;
				CLANG_WARN_OBJC_ROOT_CLASS = YES_ERROR;
				CLANG_WARN_RANGE_LOOP_ANALYSIS = YES;
				CLANG_WARN_STRICT_PROTOTYPES = YES;
				CLANG_WARN_SUSPICIOUS_MOVE = YES;
				CLANG_WARN_UNGUARDED_AVAILABILITY = YES_AGGRESSIVE;
				CLANG_WARN_UNREACHABLE_CODE = YES;
				CLANG_WARN__DUPLICATE_METHOD_MATCH = YES;
				COPY_PHASE_STRIP = NO;
				DEBUG_INFORMATION_FORMAT = "dwarf-with-dsym";
				ENABLE_NS_ASSERTIONS = NO;
				ENABLE_STRICT_OBJC_MSGSEND = YES;
				GCC_C_LANGUAGE_STANDARD = gnu11;
				GCC_NO_COMMON_BLOCKS = YES;
				GCC_WARN_64_TO_32_BIT_CONVERSION = YES;
				GCC_WARN_ABOUT_RETURN_TYPE = YES_ERROR;
				GCC_WARN_UNDECLARED_SELECTOR = YES;
				GCC_WARN_UNINITIALIZED_AUTOS = YES_AGGRESSIVE;
				GCC_WARN_UNUSED_FUNCTION = YES;
				GCC_WARN_UNUSED_VARIABLE = YES;
				IPHONEOS_DEPLOYMENT_TARGET = 13.1;
				MTL_ENABLE_DEBUG_INFO = NO;
				MTL_FAST_MATH = YES;
				SDKROOT = iphoneos;
				SWIFT_COMPILATION_MODE = wholemodule;
				SWIFT_OPTIMIZATION_LEVEL = "-O";
				VALIDATE_PRODUCT = YES;
			};
			name = Release;
		};
		9535770D236886C800B3D3FB /* Debug */ = {
			isa = XCBuildConfiguration;
			buildSettings = {
				ASSETCATALOG_COMPILER_APPICON_NAME = AppIcon;
				CODE_SIGN_STYLE = Automatic;
				DEVELOPMENT_ASSET_PATHS = "\"JSONParsingUsingAlamofireSwiftyJSONWithSwiftUI/Preview Content\"";
				DEVELOPMENT_TEAM = L8W86DZDY2;
				ENABLE_PREVIEWS = YES;
				INFOPLIST_FILE = JSONParsingUsingAlamofireSwiftyJSONWithSwiftUI/Info.plist;
				LD_RUNPATH_SEARCH_PATHS = (
					"$(inherited)",
					"@executable_path/Frameworks",
				);
				PRODUCT_BUNDLE_IDENTIFIER = com.ri.JSONParsingUsingAlamofireSwiftyJSONWithSwiftUI;
				PRODUCT_NAME = "$(TARGET_NAME)";
				SWIFT_VERSION = 5.0;
				TARGETED_DEVICE_FAMILY = "1,2";
			};
			name = Debug;
		};
		9535770E236886C800B3D3FB /* Release */ = {
			isa = XCBuildConfiguration;
			buildSettings = {
				ASSETCATALOG_COMPILER_APPICON_NAME = AppIcon;
				CODE_SIGN_STYLE = Automatic;
				DEVELOPMENT_ASSET_PATHS = "\"JSONParsingUsingAlamofireSwiftyJSONWithSwiftUI/Preview Content\"";
				DEVELOPMENT_TEAM = L8W86DZDY2;
				ENABLE_PREVIEWS = YES;
				INFOPLIST_FILE = JSONParsingUsingAlamofireSwiftyJSONWithSwiftUI/Info.plist;
				LD_RUNPATH_SEARCH_PATHS = (
					"$(inherited)",
					"@executable_path/Frameworks",
				);
				PRODUCT_BUNDLE_IDENTIFIER = com.ri.JSONParsingUsingAlamofireSwiftyJSONWithSwiftUI;
				PRODUCT_NAME = "$(TARGET_NAME)";
				SWIFT_VERSION = 5.0;
				TARGETED_DEVICE_FAMILY = "1,2";
			};
			name = Release;
		};
/* End XCBuildConfiguration section */

/* Begin XCConfigurationList section */
		953576F3236886C600B3D3FB /* Build configuration list for PBXProject "JSONParsingUsingAlamofireSwiftyJSONWithSwiftUI" */ = {
			isa = XCConfigurationList;
			buildConfigurations = (
				9535770A236886C800B3D3FB /* Debug */,
				9535770B236886C800B3D3FB /* Release */,
			);
			defaultConfigurationIsVisible = 0;
			defaultConfigurationName = Release;
		};
		9535770C236886C800B3D3FB /* Build configuration list for PBXNativeTarget "JSONParsingUsingAlamofireSwiftyJSONWithSwiftUI" */ = {
			isa = XCConfigurationList;
			buildConfigurations = (
				9535770D236886C800B3D3FB /* Debug */,
				9535770E236886C800B3D3FB /* Release */,
			);
			defaultConfigurationIsVisible = 0;
			defaultConfigurationName = Release;
		};
/* End XCConfigurationList section */

/* Begin XCRemoteSwiftPackageReference section */
		9535770F2368874900B3D3FB /* XCRemoteSwiftPackageReference "Alamofire" */ = {
			isa = XCRemoteSwiftPackageReference;
			repositoryURL = "https://github.com/Alamofire/Alamofire.git";
			requirement = {
				kind = upToNextMajorVersion;
				minimumVersion = 4.9.1;
			};
		};
		95357712236887B000B3D3FB /* XCRemoteSwiftPackageReference "SwiftyJSON" */ = {
			isa = XCRemoteSwiftPackageReference;
			repositoryURL = "https://github.com/SwiftyJSON/SwiftyJSON.git";
			requirement = {
				kind = upToNextMajorVersion;
				minimumVersion = 5.0.0;
			};
		};
		9535771A236888E400B3D3FB /* XCRemoteSwiftPackageReference "SDWebImageSwiftUI" */ = {
			isa = XCRemoteSwiftPackageReference;
			repositoryURL = "https://github.com/SDWebImage/SDWebImageSwiftUI.git";
			requirement = {
				kind = upToNextMajorVersion;
				minimumVersion = 0.6.2;
			};
		};
/* End XCRemoteSwiftPackageReference section */

/* Begin XCSwiftPackageProductDependency section */
		953577102368874900B3D3FB /* Alamofire */ = {
			isa = XCSwiftPackageProductDependency;
			package = 9535770F2368874900B3D3FB /* XCRemoteSwiftPackageReference "Alamofire" */;
			productName = Alamofire;
		};
		95357713236887B000B3D3FB /* SwiftyJSON */ = {
			isa = XCSwiftPackageProductDependency;
			package = 95357712236887B000B3D3FB /* XCRemoteSwiftPackageReference "SwiftyJSON" */;
			productName = SwiftyJSON;
		};
		9535771B236888E400B3D3FB /* SDWebImageSwiftUI */ = {
			isa = XCSwiftPackageProductDependency;
			package = 9535771A236888E400B3D3FB /* XCRemoteSwiftPackageReference "SDWebImageSwiftUI" */;
			productName = SDWebImageSwiftUI;
		};
/* End XCSwiftPackageProductDependency section */
	};
	rootObject = 953576F0236886C600B3D3FB /* Project object */;
}
